
Microsoft Visual Studio Solution File, Format Version 12.00
# Visual Studio 14
VisualStudioVersion = 14.0.25123.0
MinimumVisualStudioVersion = 10.0.40219.1
Project("{FAE04EC0-301F-11D3-BF4B-00C04F79EFBC}") = "LoopbackTest.Droid", "LoopbackTest\LoopbackTest.Droid\LoopbackTest.Droid.csproj", "{3B3233E5-0947-40F4-8F71-DB4BD17D6124}"
EndProject
Project("{FAE04EC0-301F-11D3-BF4B-00C04F79EFBC}") = "LoopbackTest.iOS", "LoopbackTest\LoopbackTest.iOS\LoopbackTest.iOS.csproj", "{7911578C-3A9B-4343-82CE-153023E17A6F}"
EndProject
Project("{FAE04EC0-301F-11D3-BF4B-00C04F79EFBC}") = "LoopbackTest", "LoopbackTest\LoopbackTest\LoopbackTest.csproj", "{0DAF270B-4F6C-4827-90E3-741FC0A04000}"
EndProject
Global
	GlobalSection(SolutionConfigurationPlatforms) = preSolution
		Ad-Hoc|Any CPU = Ad-Hoc|Any CPU
		Ad-Hoc|ARM = Ad-Hoc|ARM
		Ad-Hoc|iPhone = Ad-Hoc|iPhone
		Ad-Hoc|iPhoneSimulator = Ad-Hoc|iPhoneSimulator
		Ad-Hoc|x64 = Ad-Hoc|x64
		Ad-Hoc|x86 = Ad-Hoc|x86
		AppStore|Any CPU = AppStore|Any CPU
		AppStore|ARM = AppStore|ARM
		AppStore|iPhone = AppStore|iPhone
		AppStore|iPhoneSimulator = AppStore|iPhoneSimulator
		AppStore|x64 = AppStore|x64
		AppStore|x86 = AppStore|x86
		Debug|Any CPU = Debug|Any CPU
		Debug|ARM = Debug|ARM
		Debug|iPhone = Debug|iPhone
		Debug|iPhoneSimulator = Debug|iPhoneSimulator
		Debug|x64 = Debug|x64
		Debug|x86 = Debug|x86
		Release|Any CPU = Release|Any CPU
		Release|ARM = Release|ARM
		Release|iPhone = Release|iPhone
		Release|iPhoneSimulator = Release|iPhoneSimulator
		Release|x64 = Release|x64
		Release|x86 = Release|x86
	EndGlobalSection
	GlobalSection(ProjectConfigurationPlatforms) = postSolution
		{3B3233E5-0947-40F4-8F71-DB4BD17D6124}.Ad-Hoc|Any CPU.ActiveCfg = Release|Any CPU
		{3B3233E5-0947-40F4-8F71-DB4BD17D6124}.Ad-Hoc|Any CPU.Build.0 = Release|Any CPU
		{3B3233E5-0947-40F4-8F71-DB4BD17D6124}.Ad-Hoc|Any CPU.Deploy.0 = Release|Any CPU
		{3B3233E5-0947-40F4-8F71-DB4BD17D6124}.Ad-Hoc|ARM.ActiveCfg = Release|Any CPU
		{3B3233E5-0947-40F4-8F71-DB4BD17D6124}.Ad-Hoc|ARM.Build.0 = Release|Any CPU
		{3B3233E5-0947-40F4-8F71-DB4BD17D6124}.Ad-Hoc|ARM.Deploy.0 = Release|Any CPU
		{3B3233E5-0947-40F4-8F71-DB4BD17D6124}.Ad-Hoc|iPhone.ActiveCfg = Release|Any CPU
		{3B3233E5-0947-40F4-8F71-DB4BD17D6124}.Ad-Hoc|iPhone.Build.0 = Release|Any CPU
		{3B3233E5-0947-40F4-8F71-DB4BD17D6124}.Ad-Hoc|iPhone.Deploy.0 = Release|Any CPU
		{3B3233E5-0947-40F4-8F71-DB4BD17D6124}.Ad-Hoc|iPhoneSimulator.ActiveCfg = Release|Any CPU
		{3B3233E5-0947-40F4-8F71-DB4BD17D6124}.Ad-Hoc|iPhoneSimulator.Build.0 = Release|Any CPU
		{3B3233E5-0947-40F4-8F71-DB4BD17D6124}.Ad-Hoc|iPhoneSimulator.Deploy.0 = Release|Any CPU
		{3B3233E5-0947-40F4-8F71-DB4BD17D6124}.Ad-Hoc|x64.ActiveCfg = Release|Any CPU
		{3B3233E5-0947-40F4-8F71-DB4BD17D6124}.Ad-Hoc|x64.Build.0 = Release|Any CPU
		{3B3233E5-0947-40F4-8F71-DB4BD17D6124}.Ad-Hoc|x64.Deploy.0 = Release|Any CPU
		{3B3233E5-0947-40F4-8F71-DB4BD17D6124}.Ad-Hoc|x86.ActiveCfg = Release|Any CPU
		{3B3233E5-0947-40F4-8F71-DB4BD17D6124}.Ad-Hoc|x86.Build.0 = Release|Any CPU
		{3B3233E5-0947-40F4-8F71-DB4BD17D6124}.Ad-Hoc|x86.Deploy.0 = Release|Any CPU
		{3B3233E5-0947-40F4-8F71-DB4BD17D6124}.AppStore|Any CPU.ActiveCfg = Release|Any CPU
		{3B3233E5-0947-40F4-8F71-DB4BD17D6124}.AppStore|Any CPU.Build.0 = Release|Any CPU
		{3B3233E5-0947-40F4-8F71-DB4BD17D6124}.AppStore|Any CPU.Deploy.0 = Release|Any CPU
		{3B3233E5-0947-40F4-8F71-DB4BD17D6124}.AppStore|ARM.ActiveCfg = Release|Any CPU
		{3B3233E5-0947-40F4-8F71-DB4BD17D6124}.AppStore|ARM.Build.0 = Release|Any CPU
		{3B3233E5-0947-40F4-8F71-DB4BD17D6124}.AppStore|ARM.Deploy.0 = Release|Any CPU
		{3B3233E5-0947-40F4-8F71-DB4BD17D6124}.AppStore|iPhone.ActiveCfg = Release|Any CPU
		{3B3233E5-0947-40F4-8F71-DB4BD17D6124}.AppStore|iPhone.Build.0 = Release|Any CPU
		{3B3233E5-0947-40F4-8F71-DB4BD17D6124}.AppStore|iPhone.Deploy.0 = Release|Any CPU
		{3B3233E5-0947-40F4-8F71-DB4BD17D6124}.AppStore|iPhoneSimulator.ActiveCfg = Release|Any CPU
		{3B3233E5-0947-40F4-8F71-DB4BD17D6124}.AppStore|iPhoneSimulator.Build.0 = Release|Any CPU
		{3B3233E5-0947-40F4-8F71-DB4BD17D6124}.AppStore|iPhoneSimulator.Deploy.0 = Release|Any CPU
		{3B3233E5-0947-40F4-8F71-DB4BD17D6124}.AppStore|x64.ActiveCfg = Release|Any CPU
		{3B3233E5-0947-40F4-8F71-DB4BD17D6124}.AppStore|x64.Build.0 = Release|Any CPU
		{3B3233E5-0947-40F4-8F71-DB4BD17D6124}.AppStore|x64.Deploy.0 = Release|Any CPU
		{3B3233E5-0947-40F4-8F71-DB4BD17D6124}.AppStore|x86.ActiveCfg = Release|Any CPU
		{3B3233E5-0947-40F4-8F71-DB4BD17D6124}.AppStore|x86.Build.0 = Release|Any CPU
		{3B3233E5-0947-40F4-8F71-DB4BD17D6124}.AppStore|x86.Deploy.0 = Release|Any CPU
		{3B3233E5-0947-40F4-8F71-DB4BD17D6124}.Debug|Any CPU.ActiveCfg = Debug|Any CPU
		{3B3233E5-0947-40F4-8F71-DB4BD17D6124}.Debug|Any CPU.Build.0 = Debug|Any CPU
		{3B3233E5-0947-40F4-8F71-DB4BD17D6124}.Debug|Any CPU.Deploy.0 = Debug|Any CPU
		{3B3233E5-0947-40F4-8F71-DB4BD17D6124}.Debug|ARM.ActiveCfg = Debug|Any CPU
		{3B3233E5-0947-40F4-8F71-DB4BD17D6124}.Debug|ARM.Build.0 = Debug|Any CPU
		{3B3233E5-0947-40F4-8F71-DB4BD17D6124}.Debug|ARM.Deploy.0 = Debug|Any CPU
		{3B3233E5-0947-40F4-8F71-DB4BD17D6124}.Debug|iPhone.ActiveCfg = Debug|Any CPU
		{3B3233E5-0947-40F4-8F71-DB4BD17D6124}.Debug|iPhone.Build.0 = Debug|Any CPU
		{3B3233E5-0947-40F4-8F71-DB4BD17D6124}.Debug|iPhone.Deploy.0 = Debug|Any CPU
		{3B3233E5-0947-40F4-8F71-DB4BD17D6124}.Debug|iPhoneSimulator.ActiveCfg = Debug|Any CPU
		{3B3233E5-0947-40F4-8F71-DB4BD17D6124}.Debug|iPhoneSimulator.Build.0 = Debug|Any CPU
		{3B3233E5-0947-40F4-8F71-DB4BD17D6124}.Debug|iPhoneSimulator.Deploy.0 = Debug|Any CPU
		{3B3233E5-0947-40F4-8F71-DB4BD17D6124}.Debug|x64.ActiveCfg = Debug|Any CPU
		{3B3233E5-0947-40F4-8F71-DB4BD17D6124}.Debug|x64.Build.0 = Debug|Any CPU
		{3B3233E5-0947-40F4-8F71-DB4BD17D6124}.Debug|x64.Deploy.0 = Debug|Any CPU
		{3B3233E5-0947-40F4-8F71-DB4BD17D6124}.Debug|x86.ActiveCfg = Debug|Any CPU
		{3B3233E5-0947-40F4-8F71-DB4BD17D6124}.Debug|x86.Build.0 = Debug|Any CPU
		{3B3233E5-0947-40F4-8F71-DB4BD17D6124}.Debug|x86.Deploy.0 = Debug|Any CPU
		{3B3233E5-0947-40F4-8F71-DB4BD17D6124}.Release|Any CPU.ActiveCfg = Release|Any CPU
		{3B3233E5-0947-40F4-8F71-DB4BD17D6124}.Release|Any CPU.Build.0 = Release|Any CPU
		{3B3233E5-0947-40F4-8F71-DB4BD17D6124}.Release|Any CPU.Deploy.0 = Release|Any CPU
		{3B3233E5-0947-40F4-8F71-DB4BD17D6124}.Release|ARM.ActiveCfg = Release|Any CPU
		{3B3233E5-0947-40F4-8F71-DB4BD17D6124}.Release|ARM.Build.0 = Release|Any CPU
		{3B3233E5-0947-40F4-8F71-DB4BD17D6124}.Release|ARM.Deploy.0 = Release|Any CPU
		{3B3233E5-0947-40F4-8F71-DB4BD17D6124}.Release|iPhone.ActiveCfg = Release|Any CPU
		{3B3233E5-0947-40F4-8F71-DB4BD17D6124}.Release|iPhone.Build.0 = Release|Any CPU
		{3B3233E5-0947-40F4-8F71-DB4BD17D6124}.Release|iPhone.Deploy.0 = Release|Any CPU
		{3B3233E5-0947-40F4-8F71-DB4BD17D6124}.Release|iPhoneSimulator.ActiveCfg = Release|Any CPU
		{3B3233E5-0947-40F4-8F71-DB4BD17D6124}.Release|iPhoneSimulator.Build.0 = Release|Any CPU
		{3B3233E5-0947-40F4-8F71-DB4BD17D6124}.Release|iPhoneSimulator.Deploy.0 = Release|Any CPU
		{3B3233E5-0947-40F4-8F71-DB4BD17D6124}.Release|x64.ActiveCfg = Release|Any CPU
		{3B3233E5-0947-40F4-8F71-DB4BD17D6124}.Release|x64.Build.0 = Release|Any CPU
		{3B3233E5-0947-40F4-8F71-DB4BD17D6124}.Release|x64.Deploy.0 = Release|Any CPU
		{3B3233E5-0947-40F4-8F71-DB4BD17D6124}.Release|x86.ActiveCfg = Release|Any CPU
		{3B3233E5-0947-40F4-8F71-DB4BD17D6124}.Release|x86.Build.0 = Release|Any CPU
		{3B3233E5-0947-40F4-8F71-DB4BD17D6124}.Release|x86.Deploy.0 = Release|Any CPU
		{7911578C-3A9B-4343-82CE-153023E17A6F}.Ad-Hoc|Any CPU.ActiveCfg = Ad-Hoc|iPhone
		{7911578C-3A9B-4343-82CE-153023E17A6F}.Ad-Hoc|ARM.ActiveCfg = Ad-Hoc|iPhone
		{7911578C-3A9B-4343-82CE-153023E17A6F}.Ad-Hoc|iPhone.ActiveCfg = Ad-Hoc|iPhone
		{7911578C-3A9B-4343-82CE-153023E17A6F}.Ad-Hoc|iPhone.Build.0 = Ad-Hoc|iPhone
		{7911578C-3A9B-4343-82CE-153023E17A6F}.Ad-Hoc|iPhoneSimulator.ActiveCfg = Ad-Hoc|iPhoneSimulator
		{7911578C-3A9B-4343-82CE-153023E17A6F}.Ad-Hoc|iPhoneSimulator.Build.0 = Ad-Hoc|iPhoneSimulator
		{7911578C-3A9B-4343-82CE-153023E17A6F}.Ad-Hoc|x64.ActiveCfg = Ad-Hoc|iPhone
		{7911578C-3A9B-4343-82CE-153023E17A6F}.Ad-Hoc|x86.ActiveCfg = Ad-Hoc|iPhone
		{7911578C-3A9B-4343-82CE-153023E17A6F}.AppStore|Any CPU.ActiveCfg = AppStore|iPhone
		{7911578C-3A9B-4343-82CE-153023E17A6F}.AppStore|ARM.ActiveCfg = AppStore|iPhone
		{7911578C-3A9B-4343-82CE-153023E17A6F}.AppStore|iPhone.ActiveCfg = AppStore|iPhone
		{7911578C-3A9B-4343-82CE-153023E17A6F}.AppStore|iPhone.Build.0 = AppStore|iPhone
		{7911578C-3A9B-4343-82CE-153023E17A6F}.AppStore|iPhoneSimulator.ActiveCfg = AppStore|iPhoneSimulator
		{7911578C-3A9B-4343-82CE-153023E17A6F}.AppStore|iPhoneSimulator.Build.0 = AppStore|iPhoneSimulator
		{7911578C-3A9B-4343-82CE-153023E17A6F}.AppStore|x64.ActiveCfg = AppStore|iPhone
		{7911578C-3A9B-4343-82CE-153023E17A6F}.AppStore|x86.ActiveCfg = AppStore|iPhone
		{7911578C-3A9B-4343-82CE-153023E17A6F}.Debug|Any CPU.ActiveCfg = Debug|iPhone
		{7911578C-3A9B-4343-82CE-153023E17A6F}.Debug|ARM.ActiveCfg = Debug|iPhone
		{7911578C-3A9B-4343-82CE-153023E17A6F}.Debug|iPhone.ActiveCfg = Debug|iPhone
		{7911578C-3A9B-4343-82CE-153023E17A6F}.Debug|iPhone.Build.0 = Debug|iPhone
		{7911578C-3A9B-4343-82CE-153023E17A6F}.Debug|iPhoneSimulator.ActiveCfg = Debug|iPhoneSimulator
		{7911578C-3A9B-4343-82CE-153023E17A6F}.Debug|iPhoneSimulator.Build.0 = Debug|iPhoneSimulator
		{7911578C-3A9B-4343-82CE-153023E17A6F}.Debug|x64.ActiveCfg = Debug|iPhone
		{7911578C-3A9B-4343-82CE-153023E17A6F}.Debug|x86.ActiveCfg = Debug|iPhone
		{7911578C-3A9B-4343-82CE-153023E17A6F}.Release|Any CPU.ActiveCfg = Release|iPhone
		{7911578C-3A9B-4343-82CE-153023E17A6F}.Release|ARM.ActiveCfg = Release|iPhone
		{7911578C-3A9B-4343-82CE-153023E17A6F}.Release|iPhone.ActiveCfg = Release|iPhone
		{7911578C-3A9B-4343-82CE-153023E17A6F}.Release|iPhone.Build.0 = Release|iPhone
		{7911578C-3A9B-4343-82CE-153023E17A6F}.Release|iPhoneSimulator.ActiveCfg = Release|iPhoneSimulator
		{7911578C-3A9B-4343-82CE-153023E17A6F}.Release|iPhoneSimulator.Build.0 = Release|iPhoneSimulator
		{7911578C-3A9B-4343-82CE-153023E17A6F}.Release|x64.ActiveCfg = Release|iPhone
		{7911578C-3A9B-4343-82CE-153023E17A6F}.Release|x86.ActiveCfg = Release|iPhone
		{0DAF270B-4F6C-4827-90E3-741FC0A04000}.Ad-Hoc|Any CPU.ActiveCfg = Release|Any CPU
		{0DAF270B-4F6C-4827-90E3-741FC0A04000}.Ad-Hoc|Any CPU.Build.0 = Release|Any CPU
		{0DAF270B-4F6C-4827-90E3-741FC0A04000}.Ad-Hoc|ARM.ActiveCfg = Release|Any CPU
		{0DAF270B-4F6C-4827-90E3-741FC0A04000}.Ad-Hoc|ARM.Build.0 = Release|Any CPU
		{0DAF270B-4F6C-4827-90E3-741FC0A04000}.Ad-Hoc|iPhone.ActiveCfg = Release|Any CPU
		{0DAF270B-4F6C-4827-90E3-741FC0A04000}.Ad-Hoc|iPhone.Build.0 = Release|Any CPU
		{0DAF270B-4F6C-4827-90E3-741FC0A04000}.Ad-Hoc|iPhoneSimulator.ActiveCfg = Release|Any CPU
		{0DAF270B-4F6C-4827-90E3-741FC0A04000}.Ad-Hoc|iPhoneSimulator.Build.0 = Release|Any CPU
		{0DAF270B-4F6C-4827-90E3-741FC0A04000}.Ad-Hoc|x64.ActiveCfg = Release|Any CPU
		{0DAF270B-4F6C-4827-90E3-741FC0A04000}.Ad-Hoc|x64.Build.0 = Release|Any CPU
		{0DAF270B-4F6C-4827-90E3-741FC0A04000}.Ad-Hoc|x86.ActiveCfg = Release|Any CPU
		{0DAF270B-4F6C-4827-90E3-741FC0A04000}.Ad-Hoc|x86.Build.0 = Release|Any CPU
		{0DAF270B-4F6C-4827-90E3-741FC0A04000}.AppStore|Any CPU.ActiveCfg = Release|Any CPU
		{0DAF270B-4F6C-4827-90E3-741FC0A04000}.AppStore|Any CPU.Build.0 = Release|Any CPU
		{0DAF270B-4F6C-4827-90E3-741FC0A04000}.AppStore|ARM.ActiveCfg = Release|Any CPU
		{0DAF270B-4F6C-4827-90E3-741FC0A04000}.AppStore|ARM.Build.0 = Release|Any CPU
		{0DAF270B-4F6C-4827-90E3-741FC0A04000}.AppStore|iPhone.ActiveCfg = Release|Any CPU
		{0DAF270B-4F6C-4827-90E3-741FC0A04000}.AppStore|iPhone.Build.0 = Release|Any CPU
		{0DAF270B-4F6C-4827-90E3-741FC0A04000}.AppStore|iPhoneSimulator.ActiveCfg = Release|Any CPU
		{0DAF270B-4F6C-4827-90E3-741FC0A04000}.AppStore|iPhoneSimulator.Build.0 = Release|Any CPU
		{0DAF270B-4F6C-4827-90E3-741FC0A04000}.AppStore|x64.ActiveCfg = Release|Any CPU
		{0DAF270B-4F6C-4827-90E3-741FC0A04000}.AppStore|x64.Build.0 = Release|Any CPU
		{0DAF270B-4F6C-4827-90E3-741FC0A04000}.AppStore|x86.ActiveCfg = Release|Any CPU
		{0DAF270B-4F6C-4827-90E3-741FC0A04000}.AppStore|x86.Build.0 = Release|Any CPU
		{0DAF270B-4F6C-4827-90E3-741FC0A04000}.Debug|Any CPU.ActiveCfg = Debug|Any CPU
		{0DAF270B-4F6C-4827-90E3-741FC0A04000}.Debug|Any CPU.Build.0 = Debug|Any CPU
		{0DAF270B-4F6C-4827-90E3-741FC0A04000}.Debug|ARM.ActiveCfg = Debug|Any CPU
		{0DAF270B-4F6C-4827-90E3-741FC0A04000}.Debug|ARM.Build.0 = Debug|Any CPU
		{0DAF270B-4F6C-4827-90E3-741FC0A04000}.Debug|iPhone.ActiveCfg = Debug|Any CPU
		{0DAF270B-4F6C-4827-90E3-741FC0A04000}.Debug|iPhone.Build.0 = Debug|Any CPU
		{0DAF270B-4F6C-4827-90E3-741FC0A04000}.Debug|iPhoneSimulator.ActiveCfg = Debug|Any CPU
		{0DAF270B-4F6C-4827-90E3-741FC0A04000}.Debug|iPhoneSimulator.Build.0 = Debug|Any CPU
		{0DAF270B-4F6C-4827-90E3-741FC0A04000}.Debug|x64.ActiveCfg = Debug|Any CPU
		{0DAF270B-4F6C-4827-90E3-741FC0A04000}.Debug|x64.Build.0 = Debug|Any CPU
		{0DAF270B-4F6C-4827-90E3-741FC0A04000}.Debug|x86.ActiveCfg = Debug|Any CPU
		{0DAF270B-4F6C-4827-90E3-741FC0A04000}.Debug|x86.Build.0 = Debug|Any CPU
		{0DAF270B-4F6C-4827-90E3-741FC0A04000}.Release|Any CPU.ActiveCfg = Release|Any CPU
		{0DAF270B-4F6C-4827-90E3-741FC0A04000}.Release|Any CPU.Build.0 = Release|Any CPU
		{0DAF270B-4F6C-4827-90E3-741FC0A04000}.Release|ARM.ActiveCfg = Release|Any CPU
		{0DAF270B-4F6C-4827-90E3-741FC0A04000}.Release|ARM.Build.0 = Release|Any CPU
		{0DAF270B-4F6C-4827-90E3-741FC0A04000}.Release|iPhone.ActiveCfg = Release|Any CPU
		{0DAF270B-4F6C-4827-90E3-741FC0A04000}.Release|iPhone.Build.0 = Release|Any CPU
		{0DAF270B-4F6C-4827-90E3-741FC0A04000}.Release|iPhoneSimulator.ActiveCfg = Release|Any CPU
		{0DAF270B-4F6C-4827-90E3-741FC0A04000}.Release|iPhoneSimulator.Build.0 = Release|Any CPU
		{0DAF270B-4F6C-4827-90E3-741FC0A04000}.Release|x64.ActiveCfg = Release|Any CPU
		{0DAF270B-4F6C-4827-90E3-741FC0A04000}.Release|x64.Build.0 = Release|Any CPU
		{0DAF270B-4F6C-4827-90E3-741FC0A04000}.Release|x86.ActiveCfg = Release|Any CPU
		{0DAF270B-4F6C-4827-90E3-741FC0A04000}.Release|x86.Build.0 = Release|Any CPU
	EndGlobalSection
	GlobalSection(SolutionProperties) = preSolution
		HideSolutionNode = FALSE
	EndGlobalSection
EndGlobal
